{
    "_readme": [
        "This file locks the dependencies of your project to a known state",
        "Read more about it at https://getcomposer.org/doc/01-basic-usage.md#installing-dependencies",
        "This file is @generated automatically"
    ],
    "content-hash": "477e30dd3d90188a2f233c00fe1592eb",
    "packages": [
        {
            "name": "cocolis/php",
            "version": "dev-develop",
            "source": {
                "type": "git",
                "url": "https://github.com/Cocolis-1/cocolis-php.git",
                "reference": "82ffb2e571cd12ad1135bc04d15529965a80d83f"
            },
            "dist": {
                "type": "zip",
                "url": "https://api.github.com/repos/Cocolis-1/cocolis-php/zipball/82ffb2e571cd12ad1135bc04d15529965a80d83f",
                "reference": "82ffb2e571cd12ad1135bc04d15529965a80d83f",
                "shasum": ""
            },
            "require": {
                "php": ">=5.3.0"
            },
            "require-dev": {
                "friendsofphp/php-cs-fixer": "^2.17@dev",
                "kint-php/kint": "dev-master",
                "php-vcr/phpunit-testlistener-vcr": "*",
                "phpunit/php-code-coverage": "^9.2",
                "phpunit/phpunit": "^9.4"
            },
            "default-branch": true,
            "type": "package",
            "autoload": {
                "psr-4": {
                    "Cocolis\\Api\\": "src/"
                }
            },
            "notification-url": "https://packagist.org/downloads/",
            "license": [
                "MIT"
            ],
            "authors": [
                {
                    "name": "Sébastien Fieloux",
                    "email": "sebastien.fieloux@gmail.com",
                    "homepage": "https://www.sebfie.com",
                    "role": "Developer"
                },
                {
                    "name": "Alexandre Bettan",
                    "email": "contact@alexandre.business",
                    "role": "Developer"
                }
            ],
            "description": "PHP library to use Cocolis.fr API",
            "homepage": "https://www.cocolis.fr",
            "keywords": [
                "cocolis",
                "php"
            ],
            "support": {
                "issues": "https://github.com/Cocolis-1/cocolis-php/issues",
                "source": "https://github.com/Cocolis-1/cocolis-php/tree/develop"
            },
            "time": "2021-04-06T07:37:42+00:00"
        }
    ],
    "packages-dev": [],
    "aliases": [],
    "minimum-stability": "dev",
    "stability-flags": {
        "cocolis/php": 20
    },
    "prefer-stable": false,
    "prefer-lowest": false,
    "platform": [],
    "platform-dev": [],
    "plugin-api-version": "2.0.0"
}
