{
    "_readme": [
        "This file locks the dependencies of your project to a known state",
        "Read more about it at https://getcomposer.org/doc/01-basic-usage.md#installing-dependencies",
        "This file is @generated automatically"
    ],
    "content-hash": "d118aafcad7c5610ea410c075d3bc326",
    "packages": [
        {
            "name": "cocolis/php",
            "version": "dev-develop",
            "source": {
                "type": "git",
                "url": "https://github.com/Cocolis-1/cocolis-php.git",
                "reference": "b761cf189d420d8242850755781c3d7ac959ff77"
            },
            "dist": {
                "type": "zip",
                "url": "https://api.github.com/repos/Cocolis-1/cocolis-php/zipball/b761cf189d420d8242850755781c3d7ac959ff77",
                "reference": "b761cf189d420d8242850755781c3d7ac959ff77",
                "shasum": ""
            },
            "require": {
                "php": ">=5.3.0"
            },
            "require-dev": {
                "friendsofphp/php-cs-fixer": "^3.3",
                "kint-php/kint": "dev-master",
                "php-coveralls/php-coveralls": "dev-master",
                "php-vcr/php-vcr": "^1.5.2",
                "phpunit/php-code-coverage": "^9.2",
                "phpunit/phpunit": "^9.4"
            },
            "default-branch": true,
            "type": "package",
            "autoload": {
                "psr-4": {
                    "Cocolis\\Api\\": "src/"
                }
            },
            "notification-url": "https://packagist.org/downloads/",
            "license": [
                "MIT"
            ],
            "authors": [
                {
                    "name": "Sébastien Fieloux",
                    "email": "sebastien.fieloux@gmail.com",
                    "homepage": "https://www.sebfie.com",
                    "role": "Developer"
                },
                {
                    "name": "Alexandre Bettan",
                    "email": "contact@alexandre.business",
                    "role": "Developer"
                }
            ],
            "description": "PHP library to use Cocolis.fr API",
            "homepage": "https://www.cocolis.fr",
            "keywords": [
                "cocolis",
                "php"
            ],
            "support": {
                "issues": "https://github.com/Cocolis-1/cocolis-php/issues",
                "source": "https://github.com/Cocolis-1/cocolis-php/tree/develop"
            },
            "time": "2023-05-15T10:03:33+00:00"
        }
    ],
    "packages-dev": [],
    "aliases": [],
    "minimum-stability": "dev",
    "stability-flags": {
        "cocolis/php": 20
    },
    "prefer-stable": false,
    "prefer-lowest": false,
    "platform": {},
    "platform-dev": {},
    "plugin-api-version": "2.9.0"
}
